
Microsoft Visual Studio Solution File, Format Version 12.00
# Visual Studio Version 17
VisualStudioVersion = 17.11.35312.102
MinimumVisualStudioVersion = 10.0.40219.1
Project("{9A19103F-16F7-4668-BE54-9A1E7A4F7556}") = "Interface", "Interface\Interface.csproj", "{272ED8DB-FBB3-476D-AAC0-4E4858D3250B}"
EndProject
Project("{FAE04EC0-301F-11D3-BF4B-00C04F79EFBC}") = "Test3", "..\..\..\Test\Test3\Test3.csproj", "{D04868D0-3122-47DE-8862-5A2EDA337719}"
EndProject
Global
	GlobalSection(SolutionConfigurationPlatforms) = preSolution
		Debug|Any CPU = Debug|Any CPU
		Release|Any CPU = Release|Any CPU
	EndGlobalSection
	GlobalSection(ProjectConfigurationPlatforms) = postSolution
		{272ED8DB-FBB3-476D-AAC0-4E4858D3250B}.Debug|Any CPU.ActiveCfg = Debug|Any CPU
		{272ED8DB-FBB3-476D-AAC0-4E4858D3250B}.Debug|Any CPU.Build.0 = Debug|Any CPU
		{272ED8DB-FBB3-476D-AAC0-4E4858D3250B}.Release|Any CPU.ActiveCfg = Release|Any CPU
		{272ED8DB-FBB3-476D-AAC0-4E4858D3250B}.Release|Any CPU.Build.0 = Release|Any CPU
		{D04868D0-3122-47DE-8862-5A2EDA337719}.Debug|Any CPU.ActiveCfg = Debug|Any CPU
		{D04868D0-3122-47DE-8862-5A2EDA337719}.Debug|Any CPU.Build.0 = Debug|Any CPU
		{D04868D0-3122-47DE-8862-5A2EDA337719}.Release|Any CPU.ActiveCfg = Release|Any CPU
		{D04868D0-3122-47DE-8862-5A2EDA337719}.Release|Any CPU.Build.0 = Release|Any CPU
	EndGlobalSection
	GlobalSection(SolutionProperties) = preSolution
		HideSolutionNode = FALSE
	EndGlobalSection
	GlobalSection(ExtensibilityGlobals) = postSolution
		SolutionGuid = {85D1DFD0-DD99-436B-B5BE-FF9F838DC8ED}
	EndGlobalSection
EndGlobal
